
Microsoft Visual Studio Solution File, Format Version 12.00
# Visual Studio 15
Project("{FAE04EC0-301F-11D3-BF4B-00C04F79EFBC}") = "UnityEngine.UI", "UnityEngine.UI.csproj", "{FACB0E68-B817-A919-28CF-38A5CDB40788}"
EndProject
Project("{FAE04EC0-301F-11D3-BF4B-00C04F79EFBC}") = "Assembly-CSharp", "Assembly-CSharp.csproj", "{CF0248C5-4484-EBA8-3FD7-5A9CDEA3E04B}"
EndProject
Project("{FAE04EC0-301F-11D3-BF4B-00C04F79EFBC}") = "UnityEditor.UI", "UnityEditor.UI.csproj", "{279501C1-12FC-1ACD-159E-5F31E1FFB550}"
EndProject
Project("{FAE04EC0-301F-11D3-BF4B-00C04F79EFBC}") = "Unity.2D.Sprite.Editor", "Unity.2D.Sprite.Editor.csproj", "{97C403B7-647D-21A0-DAF1-0BE5B01A6B3F}"
EndProject
Project("{FAE04EC0-301F-11D3-BF4B-00C04F79EFBC}") = "Unity.2D.Tilemap.Editor", "Unity.2D.Tilemap.Editor.csproj", "{0FCC8541-6A9C-9E4F-40DA-97D502380456}"
EndProject
Global
	GlobalSection(SolutionConfigurationPlatforms) = preSolution
		Debug|Any CPU = Debug|Any CPU
		Release|Any CPU = Release|Any CPU
	EndGlobalSection
	GlobalSection(ProjectConfigurationPlatforms) = postSolution
		{FACB0E68-B817-A919-28CF-38A5CDB40788}.Debug|Any CPU.ActiveCfg = Debug|Any CPU
		{FACB0E68-B817-A919-28CF-38A5CDB40788}.Debug|Any CPU.Build.0 = Debug|Any CPU
		{FACB0E68-B817-A919-28CF-38A5CDB40788}.Release|Any CPU.ActiveCfg = Release|Any CPU
		{FACB0E68-B817-A919-28CF-38A5CDB40788}.Release|Any CPU.Build.0 = Release|Any CPU
		{CF0248C5-4484-EBA8-3FD7-5A9CDEA3E04B}.Debug|Any CPU.ActiveCfg = Debug|Any CPU
		{CF0248C5-4484-EBA8-3FD7-5A9CDEA3E04B}.Debug|Any CPU.Build.0 = Debug|Any CPU
		{CF0248C5-4484-EBA8-3FD7-5A9CDEA3E04B}.Release|Any CPU.ActiveCfg = Release|Any CPU
		{CF0248C5-4484-EBA8-3FD7-5A9CDEA3E04B}.Release|Any CPU.Build.0 = Release|Any CPU
		{279501C1-12FC-1ACD-159E-5F31E1FFB550}.Debug|Any CPU.ActiveCfg = Debug|Any CPU
		{279501C1-12FC-1ACD-159E-5F31E1FFB550}.Debug|Any CPU.Build.0 = Debug|Any CPU
		{279501C1-12FC-1ACD-159E-5F31E1FFB550}.Release|Any CPU.ActiveCfg = Release|Any CPU
		{279501C1-12FC-1ACD-159E-5F31E1FFB550}.Release|Any CPU.Build.0 = Release|Any CPU
		{97C403B7-647D-21A0-DAF1-0BE5B01A6B3F}.Debug|Any CPU.ActiveCfg = Debug|Any CPU
		{97C403B7-647D-21A0-DAF1-0BE5B01A6B3F}.Debug|Any CPU.Build.0 = Debug|Any CPU
		{97C403B7-647D-21A0-DAF1-0BE5B01A6B3F}.Release|Any CPU.ActiveCfg = Release|Any CPU
		{97C403B7-647D-21A0-DAF1-0BE5B01A6B3F}.Release|Any CPU.Build.0 = Release|Any CPU
		{0FCC8541-6A9C-9E4F-40DA-97D502380456}.Debug|Any CPU.ActiveCfg = Debug|Any CPU
		{0FCC8541-6A9C-9E4F-40DA-97D502380456}.Debug|Any CPU.Build.0 = Debug|Any CPU
		{0FCC8541-6A9C-9E4F-40DA-97D502380456}.Release|Any CPU.ActiveCfg = Release|Any CPU
		{0FCC8541-6A9C-9E4F-40DA-97D502380456}.Release|Any CPU.Build.0 = Release|Any CPU
	EndGlobalSection
	GlobalSection(SolutionProperties) = preSolution
		HideSolutionNode = FALSE
	EndGlobalSection
EndGlobal
