
Microsoft Visual Studio Solution File, Format Version 12.00
# Visual Studio 15
Project("{FAE04EC0-301F-11D3-BF4B-00C04F79EFBC}") = "UnityEngine.TestRunner", "UnityEngine.TestRunner.csproj", "{F5EFF41F-4CBC-FAC1-2472-12FEB02D1243}"
EndProject
Project("{FAE04EC0-301F-11D3-BF4B-00C04F79EFBC}") = "Unity.Mathematics", "Unity.Mathematics.csproj", "{1EBD36BB-5A12-B994-C9CA-9289A92A291E}"
EndProject
Project("{FAE04EC0-301F-11D3-BF4B-00C04F79EFBC}") = "Unity.2D.Animation.Triangle.Runtime", "Unity.2D.Animation.Triangle.Runtime.csproj", "{38257235-0184-0EF6-7270-E3AACF03FC17}"
EndProject
Project("{FAE04EC0-301F-11D3-BF4B-00C04F79EFBC}") = "Unity.Timeline", "Unity.Timeline.csproj", "{A9D4D2A1-2CAB-D9E9-8580-8D1D1CF75A64}"
EndProject
Project("{FAE04EC0-301F-11D3-BF4B-00C04F79EFBC}") = "UnityEngine.UI", "UnityEngine.UI.csproj", "{FACB0E68-B817-A919-28CF-38A5CDB40788}"
EndProject
Project("{FAE04EC0-301F-11D3-BF4B-00C04F79EFBC}") = "Cinemachine", "Cinemachine.csproj", "{D086A036-2AE9-42E6-529D-7A2371C92F83}"
EndProject
Project("{FAE04EC0-301F-11D3-BF4B-00C04F79EFBC}") = "Unity.TextMeshPro", "Unity.TextMeshPro.csproj", "{242A6658-3A21-2C39-B291-F80D333A5F95}"
EndProject
Project("{FAE04EC0-301F-11D3-BF4B-00C04F79EFBC}") = "Unity.2D.Animation.Runtime", "Unity.2D.Animation.Runtime.csproj", "{9741AD81-17C8-3B6C-26CE-069B7A71AC80}"
EndProject
Project("{FAE04EC0-301F-11D3-BF4B-00C04F79EFBC}") = "Unity.2D.IK.Runtime", "Unity.2D.IK.Runtime.csproj", "{21FED8E9-B114-AB71-5AA9-A65837B435ED}"
EndProject
Project("{FAE04EC0-301F-11D3-BF4B-00C04F79EFBC}") = "Assembly-CSharp", "Assembly-CSharp.csproj", "{CF0248C5-4484-EBA8-3FD7-5A9CDEA3E04B}"
EndProject
Project("{FAE04EC0-301F-11D3-BF4B-00C04F79EFBC}") = "Unity.2D.SpriteShape.Runtime", "Unity.2D.SpriteShape.Runtime.csproj", "{13C3AF56-CB52-895A-F55C-C20160FE26B6}"
EndProject
Project("{FAE04EC0-301F-11D3-BF4B-00C04F79EFBC}") = "Unity.2D.PixelPerfect", "Unity.2D.PixelPerfect.csproj", "{8163058A-A465-B6A8-50F1-ED7D1827542A}"
EndProject
Project("{FAE04EC0-301F-11D3-BF4B-00C04F79EFBC}") = "Unity.2D.Common.Runtime", "Unity.2D.Common.Runtime.csproj", "{F85D5A6B-0933-A604-CC7A-6680E4A6454F}"
EndProject
Project("{FAE04EC0-301F-11D3-BF4B-00C04F79EFBC}") = "Unity.InternalAPIEngineBridge.001", "Unity.InternalAPIEngineBridge.001.csproj", "{6674CAF3-2FE1-40C6-5A3A-6AA980BC86BC}"
EndProject
Project("{FAE04EC0-301F-11D3-BF4B-00C04F79EFBC}") = "UnityEditor.TestRunner", "UnityEditor.TestRunner.csproj", "{CE9779C3-DCA1-BC71-870D-130BF7FF2873}"
EndProject
Project("{FAE04EC0-301F-11D3-BF4B-00C04F79EFBC}") = "Unity.PlasticSCM.Editor", "Unity.PlasticSCM.Editor.csproj", "{1B07D561-E6AB-C160-3C64-E5BC9AEB5194}"
EndProject
Project("{FAE04EC0-301F-11D3-BF4B-00C04F79EFBC}") = "UnityEditor.UI", "UnityEditor.UI.csproj", "{279501C1-12FC-1ACD-159E-5F31E1FFB550}"
EndProject
Project("{FAE04EC0-301F-11D3-BF4B-00C04F79EFBC}") = "Unity.Services.Core.Editor", "Unity.Services.Core.Editor.csproj", "{12CD0076-D15C-4D20-4B7D-9741EFC81FEB}"
EndProject
Project("{FAE04EC0-301F-11D3-BF4B-00C04F79EFBC}") = "Unity.Timeline.Editor", "Unity.Timeline.Editor.csproj", "{85052A5D-EFBE-E8F3-5BF7-1865B3709577}"
EndProject
Project("{FAE04EC0-301F-11D3-BF4B-00C04F79EFBC}") = "Unity.VisualStudio.Editor", "Unity.VisualStudio.Editor.csproj", "{4EE5FD28-2B0C-A000-591C-28BFE06F1B39}"
EndProject
Project("{FAE04EC0-301F-11D3-BF4B-00C04F79EFBC}") = "com.unity.cinemachine.editor", "com.unity.cinemachine.editor.csproj", "{5E6F253F-BE32-1F60-E32C-BF2C8C161B9A}"
EndProject
Project("{FAE04EC0-301F-11D3-BF4B-00C04F79EFBC}") = "Unity.2D.Psdimporter.Editor", "Unity.2D.Psdimporter.Editor.csproj", "{E372B20B-D9AF-69C8-A350-46E718607411}"
EndProject
Project("{FAE04EC0-301F-11D3-BF4B-00C04F79EFBC}") = "Unity.2D.Animation.Editor", "Unity.2D.Animation.Editor.csproj", "{B1591CD5-0138-967B-18EE-F9854458883A}"
EndProject
Project("{FAE04EC0-301F-11D3-BF4B-00C04F79EFBC}") = "Unity.TextMeshPro.Editor", "Unity.TextMeshPro.Editor.csproj", "{3196C272-EFAB-18CE-3CF5-1A7B2D851FC6}"
EndProject
Project("{FAE04EC0-301F-11D3-BF4B-00C04F79EFBC}") = "Unity.2D.SpriteShape.Editor", "Unity.2D.SpriteShape.Editor.csproj", "{27D26180-3500-9F9F-5BA2-D6F556089E2D}"
EndProject
Project("{FAE04EC0-301F-11D3-BF4B-00C04F79EFBC}") = "Unity.CollabProxy.Editor", "Unity.CollabProxy.Editor.csproj", "{86DE4E5C-4462-A54E-F2B5-6004C448788F}"
EndProject
Project("{FAE04EC0-301F-11D3-BF4B-00C04F79EFBC}") = "PsdPlugin", "PsdPlugin.csproj", "{84284C7B-FA4B-B339-2FA4-D603ACFA1DD2}"
EndProject
Project("{FAE04EC0-301F-11D3-BF4B-00C04F79EFBC}") = "Unity.2D.Path.Editor", "Unity.2D.Path.Editor.csproj", "{5451F4AA-9283-1BE8-B8A2-9BE597CD2438}"
EndProject
Project("{FAE04EC0-301F-11D3-BF4B-00C04F79EFBC}") = "Unity.Rider.Editor", "Unity.Rider.Editor.csproj", "{ADA42E18-6A21-8D01-4DB7-5E5F587E9198}"
EndProject
Project("{FAE04EC0-301F-11D3-BF4B-00C04F79EFBC}") = "Unity.2D.IK.Editor", "Unity.2D.IK.Editor.csproj", "{12C8DFC2-799B-9B40-5FC2-C6D0797337C5}"
EndProject
Project("{FAE04EC0-301F-11D3-BF4B-00C04F79EFBC}") = "Unity.2D.Sprite.Editor", "Unity.2D.Sprite.Editor.csproj", "{97C403B7-647D-21A0-DAF1-0BE5B01A6B3F}"
EndProject
Project("{FAE04EC0-301F-11D3-BF4B-00C04F79EFBC}") = "Unity.2D.Tilemap.Editor", "Unity.2D.Tilemap.Editor.csproj", "{0FCC8541-6A9C-9E4F-40DA-97D502380456}"
EndProject
Project("{FAE04EC0-301F-11D3-BF4B-00C04F79EFBC}") = "Unity.2D.PixelPerfect.Editor", "Unity.2D.PixelPerfect.Editor.csproj", "{7B42E8C8-1BA0-5C05-D62E-E3F9848C4FD4}"
EndProject
Project("{FAE04EC0-301F-11D3-BF4B-00C04F79EFBC}") = "Unity.VSCode.Editor", "Unity.VSCode.Editor.csproj", "{8D4B824A-D77E-F210-0B78-AE30410AE3BA}"
EndProject
Project("{FAE04EC0-301F-11D3-BF4B-00C04F79EFBC}") = "Unity.2D.Common.Editor", "Unity.2D.Common.Editor.csproj", "{1FAB1422-3E2B-AD34-A64F-8CED3D5E7A16}"
EndProject
Project("{FAE04EC0-301F-11D3-BF4B-00C04F79EFBC}") = "Unity.Mathematics.Editor", "Unity.Mathematics.Editor.csproj", "{26A2B249-8A27-0E67-F165-E89FCA15DFD8}"
EndProject
Project("{FAE04EC0-301F-11D3-BF4B-00C04F79EFBC}") = "Unity.InternalAPIEditorBridge.001", "Unity.InternalAPIEditorBridge.001.csproj", "{B4565CD4-A9B2-4AAA-8A35-F5E57CEEC4C7}"
EndProject
Project("{FAE04EC0-301F-11D3-BF4B-00C04F79EFBC}") = "UnityEngine.TestRunner", "UnityEngine.TestRunner.Player.csproj", "{50CB1594-43BD-6DC4-65FF-BD66303D4180}"
EndProject
Project("{FAE04EC0-301F-11D3-BF4B-00C04F79EFBC}") = "Unity.Mathematics", "Unity.Mathematics.Player.csproj", "{F00F16E9-88D2-AE61-1260-FB33DAD65C61}"
EndProject
Project("{FAE04EC0-301F-11D3-BF4B-00C04F79EFBC}") = "Unity.2D.Animation.Triangle.Runtime", "Unity.2D.Animation.Triangle.Runtime.Player.csproj", "{48677EB1-1297-7FDE-9868-4581D5A6BA01}"
EndProject
Project("{FAE04EC0-301F-11D3-BF4B-00C04F79EFBC}") = "Unity.Timeline", "Unity.Timeline.Player.csproj", "{D48C609C-0B41-02D7-A5FA-D2346D7AACA9}"
EndProject
Project("{FAE04EC0-301F-11D3-BF4B-00C04F79EFBC}") = "UnityEngine.UI", "UnityEngine.UI.Player.csproj", "{DEE96BBB-679A-75A6-0194-31BBCC3457F6}"
EndProject
Project("{FAE04EC0-301F-11D3-BF4B-00C04F79EFBC}") = "Cinemachine", "Cinemachine.Player.csproj", "{A507A7F3-47E7-3F2B-626F-DED3A9462DC1}"
EndProject
Project("{FAE04EC0-301F-11D3-BF4B-00C04F79EFBC}") = "Unity.TextMeshPro", "Unity.TextMeshPro.Player.csproj", "{94BA9270-0043-0195-DD70-379E4493A123}"
EndProject
Project("{FAE04EC0-301F-11D3-BF4B-00C04F79EFBC}") = "Unity.2D.Animation.Runtime", "Unity.2D.Animation.Runtime.Player.csproj", "{66304360-232F-9AE8-B8A0-142FD53D800B}"
EndProject
Project("{FAE04EC0-301F-11D3-BF4B-00C04F79EFBC}") = "Unity.2D.IK.Runtime", "Unity.2D.IK.Runtime.Player.csproj", "{82583027-AC60-1435-A7C2-CB5C7574348A}"
EndProject
Project("{FAE04EC0-301F-11D3-BF4B-00C04F79EFBC}") = "Assembly-CSharp", "Assembly-CSharp.Player.csproj", "{80133D7D-4CBE-176A-D358-688910CF76F4}"
EndProject
Project("{FAE04EC0-301F-11D3-BF4B-00C04F79EFBC}") = "Unity.2D.SpriteShape.Runtime", "Unity.2D.SpriteShape.Runtime.Player.csproj", "{511E0A0A-3A76-0E98-53CD-1BE8AD1D97AB}"
EndProject
Project("{FAE04EC0-301F-11D3-BF4B-00C04F79EFBC}") = "Unity.2D.PixelPerfect", "Unity.2D.PixelPerfect.Player.csproj", "{83EA9610-68C1-37D0-3C36-9E9A8A8BBF02}"
EndProject
Project("{FAE04EC0-301F-11D3-BF4B-00C04F79EFBC}") = "Unity.2D.Common.Runtime", "Unity.2D.Common.Runtime.Player.csproj", "{FF27FBDE-7E24-A405-104B-D3AD28BE37BA}"
EndProject
Project("{FAE04EC0-301F-11D3-BF4B-00C04F79EFBC}") = "Unity.InternalAPIEngineBridge.001", "Unity.InternalAPIEngineBridge.001.Player.csproj", "{70CE81B0-FF6C-5A0B-E097-972A3C023EF3}"
EndProject
Global
	GlobalSection(SolutionConfigurationPlatforms) = preSolution
		Debug|Any CPU = Debug|Any CPU
		Release|Any CPU = Release|Any CPU
	EndGlobalSection
	GlobalSection(ProjectConfigurationPlatforms) = postSolution
		{F5EFF41F-4CBC-FAC1-2472-12FEB02D1243}.Debug|Any CPU.ActiveCfg = Debug|Any CPU
		{F5EFF41F-4CBC-FAC1-2472-12FEB02D1243}.Debug|Any CPU.Build.0 = Debug|Any CPU
		{F5EFF41F-4CBC-FAC1-2472-12FEB02D1243}.Release|Any CPU.ActiveCfg = Release|Any CPU
		{F5EFF41F-4CBC-FAC1-2472-12FEB02D1243}.Release|Any CPU.Build.0 = Release|Any CPU
		{1EBD36BB-5A12-B994-C9CA-9289A92A291E}.Debug|Any CPU.ActiveCfg = Debug|Any CPU
		{1EBD36BB-5A12-B994-C9CA-9289A92A291E}.Debug|Any CPU.Build.0 = Debug|Any CPU
		{1EBD36BB-5A12-B994-C9CA-9289A92A291E}.Release|Any CPU.ActiveCfg = Release|Any CPU
		{1EBD36BB-5A12-B994-C9CA-9289A92A291E}.Release|Any CPU.Build.0 = Release|Any CPU
		{38257235-0184-0EF6-7270-E3AACF03FC17}.Debug|Any CPU.ActiveCfg = Debug|Any CPU
		{38257235-0184-0EF6-7270-E3AACF03FC17}.Debug|Any CPU.Build.0 = Debug|Any CPU
		{38257235-0184-0EF6-7270-E3AACF03FC17}.Release|Any CPU.ActiveCfg = Release|Any CPU
		{38257235-0184-0EF6-7270-E3AACF03FC17}.Release|Any CPU.Build.0 = Release|Any CPU
		{A9D4D2A1-2CAB-D9E9-8580-8D1D1CF75A64}.Debug|Any CPU.ActiveCfg = Debug|Any CPU
		{A9D4D2A1-2CAB-D9E9-8580-8D1D1CF75A64}.Debug|Any CPU.Build.0 = Debug|Any CPU
		{A9D4D2A1-2CAB-D9E9-8580-8D1D1CF75A64}.Release|Any CPU.ActiveCfg = Release|Any CPU
		{A9D4D2A1-2CAB-D9E9-8580-8D1D1CF75A64}.Release|Any CPU.Build.0 = Release|Any CPU
		{FACB0E68-B817-A919-28CF-38A5CDB40788}.Debug|Any CPU.ActiveCfg = Debug|Any CPU
		{FACB0E68-B817-A919-28CF-38A5CDB40788}.Debug|Any CPU.Build.0 = Debug|Any CPU
		{FACB0E68-B817-A919-28CF-38A5CDB40788}.Release|Any CPU.ActiveCfg = Release|Any CPU
		{FACB0E68-B817-A919-28CF-38A5CDB40788}.Release|Any CPU.Build.0 = Release|Any CPU
		{D086A036-2AE9-42E6-529D-7A2371C92F83}.Debug|Any CPU.ActiveCfg = Debug|Any CPU
		{D086A036-2AE9-42E6-529D-7A2371C92F83}.Debug|Any CPU.Build.0 = Debug|Any CPU
		{D086A036-2AE9-42E6-529D-7A2371C92F83}.Release|Any CPU.ActiveCfg = Release|Any CPU
		{D086A036-2AE9-42E6-529D-7A2371C92F83}.Release|Any CPU.Build.0 = Release|Any CPU
		{242A6658-3A21-2C39-B291-F80D333A5F95}.Debug|Any CPU.ActiveCfg = Debug|Any CPU
		{242A6658-3A21-2C39-B291-F80D333A5F95}.Debug|Any CPU.Build.0 = Debug|Any CPU
		{242A6658-3A21-2C39-B291-F80D333A5F95}.Release|Any CPU.ActiveCfg = Release|Any CPU
		{242A6658-3A21-2C39-B291-F80D333A5F95}.Release|Any CPU.Build.0 = Release|Any CPU
		{9741AD81-17C8-3B6C-26CE-069B7A71AC80}.Debug|Any CPU.ActiveCfg = Debug|Any CPU
		{9741AD81-17C8-3B6C-26CE-069B7A71AC80}.Debug|Any CPU.Build.0 = Debug|Any CPU
		{9741AD81-17C8-3B6C-26CE-069B7A71AC80}.Release|Any CPU.ActiveCfg = Release|Any CPU
		{9741AD81-17C8-3B6C-26CE-069B7A71AC80}.Release|Any CPU.Build.0 = Release|Any CPU
		{21FED8E9-B114-AB71-5AA9-A65837B435ED}.Debug|Any CPU.ActiveCfg = Debug|Any CPU
		{21FED8E9-B114-AB71-5AA9-A65837B435ED}.Debug|Any CPU.Build.0 = Debug|Any CPU
		{21FED8E9-B114-AB71-5AA9-A65837B435ED}.Release|Any CPU.ActiveCfg = Release|Any CPU
		{21FED8E9-B114-AB71-5AA9-A65837B435ED}.Release|Any CPU.Build.0 = Release|Any CPU
		{CF0248C5-4484-EBA8-3FD7-5A9CDEA3E04B}.Debug|Any CPU.ActiveCfg = Debug|Any CPU
		{CF0248C5-4484-EBA8-3FD7-5A9CDEA3E04B}.Debug|Any CPU.Build.0 = Debug|Any CPU
		{CF0248C5-4484-EBA8-3FD7-5A9CDEA3E04B}.Release|Any CPU.ActiveCfg = Release|Any CPU
		{CF0248C5-4484-EBA8-3FD7-5A9CDEA3E04B}.Release|Any CPU.Build.0 = Release|Any CPU
		{13C3AF56-CB52-895A-F55C-C20160FE26B6}.Debug|Any CPU.ActiveCfg = Debug|Any CPU
		{13C3AF56-CB52-895A-F55C-C20160FE26B6}.Debug|Any CPU.Build.0 = Debug|Any CPU
		{13C3AF56-CB52-895A-F55C-C20160FE26B6}.Release|Any CPU.ActiveCfg = Release|Any CPU
		{13C3AF56-CB52-895A-F55C-C20160FE26B6}.Release|Any CPU.Build.0 = Release|Any CPU
		{8163058A-A465-B6A8-50F1-ED7D1827542A}.Debug|Any CPU.ActiveCfg = Debug|Any CPU
		{8163058A-A465-B6A8-50F1-ED7D1827542A}.Debug|Any CPU.Build.0 = Debug|Any CPU
		{8163058A-A465-B6A8-50F1-ED7D1827542A}.Release|Any CPU.ActiveCfg = Release|Any CPU
		{8163058A-A465-B6A8-50F1-ED7D1827542A}.Release|Any CPU.Build.0 = Release|Any CPU
		{F85D5A6B-0933-A604-CC7A-6680E4A6454F}.Debug|Any CPU.ActiveCfg = Debug|Any CPU
		{F85D5A6B-0933-A604-CC7A-6680E4A6454F}.Debug|Any CPU.Build.0 = Debug|Any CPU
		{F85D5A6B-0933-A604-CC7A-6680E4A6454F}.Release|Any CPU.ActiveCfg = Release|Any CPU
		{F85D5A6B-0933-A604-CC7A-6680E4A6454F}.Release|Any CPU.Build.0 = Release|Any CPU
		{6674CAF3-2FE1-40C6-5A3A-6AA980BC86BC}.Debug|Any CPU.ActiveCfg = Debug|Any CPU
		{6674CAF3-2FE1-40C6-5A3A-6AA980BC86BC}.Debug|Any CPU.Build.0 = Debug|Any CPU
		{6674CAF3-2FE1-40C6-5A3A-6AA980BC86BC}.Release|Any CPU.ActiveCfg = Release|Any CPU
		{6674CAF3-2FE1-40C6-5A3A-6AA980BC86BC}.Release|Any CPU.Build.0 = Release|Any CPU
		{CE9779C3-DCA1-BC71-870D-130BF7FF2873}.Debug|Any CPU.ActiveCfg = Debug|Any CPU
		{CE9779C3-DCA1-BC71-870D-130BF7FF2873}.Debug|Any CPU.Build.0 = Debug|Any CPU
		{CE9779C3-DCA1-BC71-870D-130BF7FF2873}.Release|Any CPU.ActiveCfg = Release|Any CPU
		{CE9779C3-DCA1-BC71-870D-130BF7FF2873}.Release|Any CPU.Build.0 = Release|Any CPU
		{1B07D561-E6AB-C160-3C64-E5BC9AEB5194}.Debug|Any CPU.ActiveCfg = Debug|Any CPU
		{1B07D561-E6AB-C160-3C64-E5BC9AEB5194}.Debug|Any CPU.Build.0 = Debug|Any CPU
		{1B07D561-E6AB-C160-3C64-E5BC9AEB5194}.Release|Any CPU.ActiveCfg = Release|Any CPU
		{1B07D561-E6AB-C160-3C64-E5BC9AEB5194}.Release|Any CPU.Build.0 = Release|Any CPU
		{279501C1-12FC-1ACD-159E-5F31E1FFB550}.Debug|Any CPU.ActiveCfg = Debug|Any CPU
		{279501C1-12FC-1ACD-159E-5F31E1FFB550}.Debug|Any CPU.Build.0 = Debug|Any CPU
		{279501C1-12FC-1ACD-159E-5F31E1FFB550}.Release|Any CPU.ActiveCfg = Release|Any CPU
		{279501C1-12FC-1ACD-159E-5F31E1FFB550}.Release|Any CPU.Build.0 = Release|Any CPU
		{12CD0076-D15C-4D20-4B7D-9741EFC81FEB}.Debug|Any CPU.ActiveCfg = Debug|Any CPU
		{12CD0076-D15C-4D20-4B7D-9741EFC81FEB}.Debug|Any CPU.Build.0 = Debug|Any CPU
		{12CD0076-D15C-4D20-4B7D-9741EFC81FEB}.Release|Any CPU.ActiveCfg = Release|Any CPU
		{12CD0076-D15C-4D20-4B7D-9741EFC81FEB}.Release|Any CPU.Build.0 = Release|Any CPU
		{85052A5D-EFBE-E8F3-5BF7-1865B3709577}.Debug|Any CPU.ActiveCfg = Debug|Any CPU
		{85052A5D-EFBE-E8F3-5BF7-1865B3709577}.Debug|Any CPU.Build.0 = Debug|Any CPU
		{85052A5D-EFBE-E8F3-5BF7-1865B3709577}.Release|Any CPU.ActiveCfg = Release|Any CPU
		{85052A5D-EFBE-E8F3-5BF7-1865B3709577}.Release|Any CPU.Build.0 = Release|Any CPU
		{4EE5FD28-2B0C-A000-591C-28BFE06F1B39}.Debug|Any CPU.ActiveCfg = Debug|Any CPU
		{4EE5FD28-2B0C-A000-591C-28BFE06F1B39}.Debug|Any CPU.Build.0 = Debug|Any CPU
		{4EE5FD28-2B0C-A000-591C-28BFE06F1B39}.Release|Any CPU.ActiveCfg = Release|Any CPU
		{4EE5FD28-2B0C-A000-591C-28BFE06F1B39}.Release|Any CPU.Build.0 = Release|Any CPU
		{5E6F253F-BE32-1F60-E32C-BF2C8C161B9A}.Debug|Any CPU.ActiveCfg = Debug|Any CPU
		{5E6F253F-BE32-1F60-E32C-BF2C8C161B9A}.Debug|Any CPU.Build.0 = Debug|Any CPU
		{5E6F253F-BE32-1F60-E32C-BF2C8C161B9A}.Release|Any CPU.ActiveCfg = Release|Any CPU
		{5E6F253F-BE32-1F60-E32C-BF2C8C161B9A}.Release|Any CPU.Build.0 = Release|Any CPU
		{E372B20B-D9AF-69C8-A350-46E718607411}.Debug|Any CPU.ActiveCfg = Debug|Any CPU
		{E372B20B-D9AF-69C8-A350-46E718607411}.Debug|Any CPU.Build.0 = Debug|Any CPU
		{E372B20B-D9AF-69C8-A350-46E718607411}.Release|Any CPU.ActiveCfg = Release|Any CPU
		{E372B20B-D9AF-69C8-A350-46E718607411}.Release|Any CPU.Build.0 = Release|Any CPU
		{B1591CD5-0138-967B-18EE-F9854458883A}.Debug|Any CPU.ActiveCfg = Debug|Any CPU
		{B1591CD5-0138-967B-18EE-F9854458883A}.Debug|Any CPU.Build.0 = Debug|Any CPU
		{B1591CD5-0138-967B-18EE-F9854458883A}.Release|Any CPU.ActiveCfg = Release|Any CPU
		{B1591CD5-0138-967B-18EE-F9854458883A}.Release|Any CPU.Build.0 = Release|Any CPU
		{3196C272-EFAB-18CE-3CF5-1A7B2D851FC6}.Debug|Any CPU.ActiveCfg = Debug|Any CPU
		{3196C272-EFAB-18CE-3CF5-1A7B2D851FC6}.Debug|Any CPU.Build.0 = Debug|Any CPU
		{3196C272-EFAB-18CE-3CF5-1A7B2D851FC6}.Release|Any CPU.ActiveCfg = Release|Any CPU
		{3196C272-EFAB-18CE-3CF5-1A7B2D851FC6}.Release|Any CPU.Build.0 = Release|Any CPU
		{27D26180-3500-9F9F-5BA2-D6F556089E2D}.Debug|Any CPU.ActiveCfg = Debug|Any CPU
		{27D26180-3500-9F9F-5BA2-D6F556089E2D}.Debug|Any CPU.Build.0 = Debug|Any CPU
		{27D26180-3500-9F9F-5BA2-D6F556089E2D}.Release|Any CPU.ActiveCfg = Release|Any CPU
		{27D26180-3500-9F9F-5BA2-D6F556089E2D}.Release|Any CPU.Build.0 = Release|Any CPU
		{86DE4E5C-4462-A54E-F2B5-6004C448788F}.Debug|Any CPU.ActiveCfg = Debug|Any CPU
		{86DE4E5C-4462-A54E-F2B5-6004C448788F}.Debug|Any CPU.Build.0 = Debug|Any CPU
		{86DE4E5C-4462-A54E-F2B5-6004C448788F}.Release|Any CPU.ActiveCfg = Release|Any CPU
		{86DE4E5C-4462-A54E-F2B5-6004C448788F}.Release|Any CPU.Build.0 = Release|Any CPU
		{84284C7B-FA4B-B339-2FA4-D603ACFA1DD2}.Debug|Any CPU.ActiveCfg = Debug|Any CPU
		{84284C7B-FA4B-B339-2FA4-D603ACFA1DD2}.Debug|Any CPU.Build.0 = Debug|Any CPU
		{84284C7B-FA4B-B339-2FA4-D603ACFA1DD2}.Release|Any CPU.ActiveCfg = Release|Any CPU
		{84284C7B-FA4B-B339-2FA4-D603ACFA1DD2}.Release|Any CPU.Build.0 = Release|Any CPU
		{5451F4AA-9283-1BE8-B8A2-9BE597CD2438}.Debug|Any CPU.ActiveCfg = Debug|Any CPU
		{5451F4AA-9283-1BE8-B8A2-9BE597CD2438}.Debug|Any CPU.Build.0 = Debug|Any CPU
		{5451F4AA-9283-1BE8-B8A2-9BE597CD2438}.Release|Any CPU.ActiveCfg = Release|Any CPU
		{5451F4AA-9283-1BE8-B8A2-9BE597CD2438}.Release|Any CPU.Build.0 = Release|Any CPU
		{ADA42E18-6A21-8D01-4DB7-5E5F587E9198}.Debug|Any CPU.ActiveCfg = Debug|Any CPU
		{ADA42E18-6A21-8D01-4DB7-5E5F587E9198}.Debug|Any CPU.Build.0 = Debug|Any CPU
		{ADA42E18-6A21-8D01-4DB7-5E5F587E9198}.Release|Any CPU.ActiveCfg = Release|Any CPU
		{ADA42E18-6A21-8D01-4DB7-5E5F587E9198}.Release|Any CPU.Build.0 = Release|Any CPU
		{12C8DFC2-799B-9B40-5FC2-C6D0797337C5}.Debug|Any CPU.ActiveCfg = Debug|Any CPU
		{12C8DFC2-799B-9B40-5FC2-C6D0797337C5}.Debug|Any CPU.Build.0 = Debug|Any CPU
		{12C8DFC2-799B-9B40-5FC2-C6D0797337C5}.Release|Any CPU.ActiveCfg = Release|Any CPU
		{12C8DFC2-799B-9B40-5FC2-C6D0797337C5}.Release|Any CPU.Build.0 = Release|Any CPU
		{97C403B7-647D-21A0-DAF1-0BE5B01A6B3F}.Debug|Any CPU.ActiveCfg = Debug|Any CPU
		{97C403B7-647D-21A0-DAF1-0BE5B01A6B3F}.Debug|Any CPU.Build.0 = Debug|Any CPU
		{97C403B7-647D-21A0-DAF1-0BE5B01A6B3F}.Release|Any CPU.ActiveCfg = Release|Any CPU
		{97C403B7-647D-21A0-DAF1-0BE5B01A6B3F}.Release|Any CPU.Build.0 = Release|Any CPU
		{0FCC8541-6A9C-9E4F-40DA-97D502380456}.Debug|Any CPU.ActiveCfg = Debug|Any CPU
		{0FCC8541-6A9C-9E4F-40DA-97D502380456}.Debug|Any CPU.Build.0 = Debug|Any CPU
		{0FCC8541-6A9C-9E4F-40DA-97D502380456}.Release|Any CPU.ActiveCfg = Release|Any CPU
		{0FCC8541-6A9C-9E4F-40DA-97D502380456}.Release|Any CPU.Build.0 = Release|Any CPU
		{7B42E8C8-1BA0-5C05-D62E-E3F9848C4FD4}.Debug|Any CPU.ActiveCfg = Debug|Any CPU
		{7B42E8C8-1BA0-5C05-D62E-E3F9848C4FD4}.Debug|Any CPU.Build.0 = Debug|Any CPU
		{7B42E8C8-1BA0-5C05-D62E-E3F9848C4FD4}.Release|Any CPU.ActiveCfg = Release|Any CPU
		{7B42E8C8-1BA0-5C05-D62E-E3F9848C4FD4}.Release|Any CPU.Build.0 = Release|Any CPU
		{8D4B824A-D77E-F210-0B78-AE30410AE3BA}.Debug|Any CPU.ActiveCfg = Debug|Any CPU
		{8D4B824A-D77E-F210-0B78-AE30410AE3BA}.Debug|Any CPU.Build.0 = Debug|Any CPU
		{8D4B824A-D77E-F210-0B78-AE30410AE3BA}.Release|Any CPU.ActiveCfg = Release|Any CPU
		{8D4B824A-D77E-F210-0B78-AE30410AE3BA}.Release|Any CPU.Build.0 = Release|Any CPU
		{1FAB1422-3E2B-AD34-A64F-8CED3D5E7A16}.Debug|Any CPU.ActiveCfg = Debug|Any CPU
		{1FAB1422-3E2B-AD34-A64F-8CED3D5E7A16}.Debug|Any CPU.Build.0 = Debug|Any CPU
		{1FAB1422-3E2B-AD34-A64F-8CED3D5E7A16}.Release|Any CPU.ActiveCfg = Release|Any CPU
		{1FAB1422-3E2B-AD34-A64F-8CED3D5E7A16}.Release|Any CPU.Build.0 = Release|Any CPU
		{26A2B249-8A27-0E67-F165-E89FCA15DFD8}.Debug|Any CPU.ActiveCfg = Debug|Any CPU
		{26A2B249-8A27-0E67-F165-E89FCA15DFD8}.Debug|Any CPU.Build.0 = Debug|Any CPU
		{26A2B249-8A27-0E67-F165-E89FCA15DFD8}.Release|Any CPU.ActiveCfg = Release|Any CPU
		{26A2B249-8A27-0E67-F165-E89FCA15DFD8}.Release|Any CPU.Build.0 = Release|Any CPU
		{B4565CD4-A9B2-4AAA-8A35-F5E57CEEC4C7}.Debug|Any CPU.ActiveCfg = Debug|Any CPU
		{B4565CD4-A9B2-4AAA-8A35-F5E57CEEC4C7}.Debug|Any CPU.Build.0 = Debug|Any CPU
		{B4565CD4-A9B2-4AAA-8A35-F5E57CEEC4C7}.Release|Any CPU.ActiveCfg = Release|Any CPU
		{B4565CD4-A9B2-4AAA-8A35-F5E57CEEC4C7}.Release|Any CPU.Build.0 = Release|Any CPU
		{50CB1594-43BD-6DC4-65FF-BD66303D4180}.Debug|Any CPU.ActiveCfg = Debug|Any CPU
		{50CB1594-43BD-6DC4-65FF-BD66303D4180}.Debug|Any CPU.Build.0 = Debug|Any CPU
		{50CB1594-43BD-6DC4-65FF-BD66303D4180}.Release|Any CPU.ActiveCfg = Release|Any CPU
		{50CB1594-43BD-6DC4-65FF-BD66303D4180}.Release|Any CPU.Build.0 = Release|Any CPU
		{F00F16E9-88D2-AE61-1260-FB33DAD65C61}.Debug|Any CPU.ActiveCfg = Debug|Any CPU
		{F00F16E9-88D2-AE61-1260-FB33DAD65C61}.Debug|Any CPU.Build.0 = Debug|Any CPU
		{F00F16E9-88D2-AE61-1260-FB33DAD65C61}.Release|Any CPU.ActiveCfg = Release|Any CPU
		{F00F16E9-88D2-AE61-1260-FB33DAD65C61}.Release|Any CPU.Build.0 = Release|Any CPU
		{48677EB1-1297-7FDE-9868-4581D5A6BA01}.Debug|Any CPU.ActiveCfg = Debug|Any CPU
		{48677EB1-1297-7FDE-9868-4581D5A6BA01}.Debug|Any CPU.Build.0 = Debug|Any CPU
		{48677EB1-1297-7FDE-9868-4581D5A6BA01}.Release|Any CPU.ActiveCfg = Release|Any CPU
		{48677EB1-1297-7FDE-9868-4581D5A6BA01}.Release|Any CPU.Build.0 = Release|Any CPU
		{D48C609C-0B41-02D7-A5FA-D2346D7AACA9}.Debug|Any CPU.ActiveCfg = Debug|Any CPU
		{D48C609C-0B41-02D7-A5FA-D2346D7AACA9}.Debug|Any CPU.Build.0 = Debug|Any CPU
		{D48C609C-0B41-02D7-A5FA-D2346D7AACA9}.Release|Any CPU.ActiveCfg = Release|Any CPU
		{D48C609C-0B41-02D7-A5FA-D2346D7AACA9}.Release|Any CPU.Build.0 = Release|Any CPU
		{DEE96BBB-679A-75A6-0194-31BBCC3457F6}.Debug|Any CPU.ActiveCfg = Debug|Any CPU
		{DEE96BBB-679A-75A6-0194-31BBCC3457F6}.Debug|Any CPU.Build.0 = Debug|Any CPU
		{DEE96BBB-679A-75A6-0194-31BBCC3457F6}.Release|Any CPU.ActiveCfg = Release|Any CPU
		{DEE96BBB-679A-75A6-0194-31BBCC3457F6}.Release|Any CPU.Build.0 = Release|Any CPU
		{A507A7F3-47E7-3F2B-626F-DED3A9462DC1}.Debug|Any CPU.ActiveCfg = Debug|Any CPU
		{A507A7F3-47E7-3F2B-626F-DED3A9462DC1}.Debug|Any CPU.Build.0 = Debug|Any CPU
		{A507A7F3-47E7-3F2B-626F-DED3A9462DC1}.Release|Any CPU.ActiveCfg = Release|Any CPU
		{A507A7F3-47E7-3F2B-626F-DED3A9462DC1}.Release|Any CPU.Build.0 = Release|Any CPU
		{94BA9270-0043-0195-DD70-379E4493A123}.Debug|Any CPU.ActiveCfg = Debug|Any CPU
		{94BA9270-0043-0195-DD70-379E4493A123}.Debug|Any CPU.Build.0 = Debug|Any CPU
		{94BA9270-0043-0195-DD70-379E4493A123}.Release|Any CPU.ActiveCfg = Release|Any CPU
		{94BA9270-0043-0195-DD70-379E4493A123}.Release|Any CPU.Build.0 = Release|Any CPU
		{66304360-232F-9AE8-B8A0-142FD53D800B}.Debug|Any CPU.ActiveCfg = Debug|Any CPU
		{66304360-232F-9AE8-B8A0-142FD53D800B}.Debug|Any CPU.Build.0 = Debug|Any CPU
		{66304360-232F-9AE8-B8A0-142FD53D800B}.Release|Any CPU.ActiveCfg = Release|Any CPU
		{66304360-232F-9AE8-B8A0-142FD53D800B}.Release|Any CPU.Build.0 = Release|Any CPU
		{82583027-AC60-1435-A7C2-CB5C7574348A}.Debug|Any CPU.ActiveCfg = Debug|Any CPU
		{82583027-AC60-1435-A7C2-CB5C7574348A}.Debug|Any CPU.Build.0 = Debug|Any CPU
		{82583027-AC60-1435-A7C2-CB5C7574348A}.Release|Any CPU.ActiveCfg = Release|Any CPU
		{82583027-AC60-1435-A7C2-CB5C7574348A}.Release|Any CPU.Build.0 = Release|Any CPU
		{80133D7D-4CBE-176A-D358-688910CF76F4}.Debug|Any CPU.ActiveCfg = Debug|Any CPU
		{80133D7D-4CBE-176A-D358-688910CF76F4}.Debug|Any CPU.Build.0 = Debug|Any CPU
		{80133D7D-4CBE-176A-D358-688910CF76F4}.Release|Any CPU.ActiveCfg = Release|Any CPU
		{80133D7D-4CBE-176A-D358-688910CF76F4}.Release|Any CPU.Build.0 = Release|Any CPU
		{511E0A0A-3A76-0E98-53CD-1BE8AD1D97AB}.Debug|Any CPU.ActiveCfg = Debug|Any CPU
		{511E0A0A-3A76-0E98-53CD-1BE8AD1D97AB}.Debug|Any CPU.Build.0 = Debug|Any CPU
		{511E0A0A-3A76-0E98-53CD-1BE8AD1D97AB}.Release|Any CPU.ActiveCfg = Release|Any CPU
		{511E0A0A-3A76-0E98-53CD-1BE8AD1D97AB}.Release|Any CPU.Build.0 = Release|Any CPU
		{83EA9610-68C1-37D0-3C36-9E9A8A8BBF02}.Debug|Any CPU.ActiveCfg = Debug|Any CPU
		{83EA9610-68C1-37D0-3C36-9E9A8A8BBF02}.Debug|Any CPU.Build.0 = Debug|Any CPU
		{83EA9610-68C1-37D0-3C36-9E9A8A8BBF02}.Release|Any CPU.ActiveCfg = Release|Any CPU
		{83EA9610-68C1-37D0-3C36-9E9A8A8BBF02}.Release|Any CPU.Build.0 = Release|Any CPU
		{FF27FBDE-7E24-A405-104B-D3AD28BE37BA}.Debug|Any CPU.ActiveCfg = Debug|Any CPU
		{FF27FBDE-7E24-A405-104B-D3AD28BE37BA}.Debug|Any CPU.Build.0 = Debug|Any CPU
		{FF27FBDE-7E24-A405-104B-D3AD28BE37BA}.Release|Any CPU.ActiveCfg = Release|Any CPU
		{FF27FBDE-7E24-A405-104B-D3AD28BE37BA}.Release|Any CPU.Build.0 = Release|Any CPU
		{70CE81B0-FF6C-5A0B-E097-972A3C023EF3}.Debug|Any CPU.ActiveCfg = Debug|Any CPU
		{70CE81B0-FF6C-5A0B-E097-972A3C023EF3}.Debug|Any CPU.Build.0 = Debug|Any CPU
		{70CE81B0-FF6C-5A0B-E097-972A3C023EF3}.Release|Any CPU.ActiveCfg = Release|Any CPU
		{70CE81B0-FF6C-5A0B-E097-972A3C023EF3}.Release|Any CPU.Build.0 = Release|Any CPU
	EndGlobalSection
	GlobalSection(SolutionProperties) = preSolution
		HideSolutionNode = FALSE
	EndGlobalSection
EndGlobal
